<?xml version="1.0" encoding="utf-8"?>
<Project ToolsVersion="4.0" xmlns="http://schemas.microsoft.com/developer/msbuild/2003">
  <ItemGroup>
    <ClCompile Include="src\application.cpp" />
    <ClCompile Include="src\entry_point.cpp" />
    <ClCompile Include="src\window.cpp" />
    <ClCompile Include="src\timer.cpp" />
  </ItemGroup>
  <ItemGroup>
    <ClInclude Include="src\application.h" />
    <ClInclude Include="src\common.h" />
    <ClInclude Include="src\window.h" />
    <ClInclude Include="src\timer.h" />
    <ClInclude Include="src\event.h" />
    <ClInclude Include="src\window_event.h" />
    <ClInclude Include="src\event_dispatcher.h" />
    <ClInclude Include="src\mouse_event.h" />
  </ItemGroup>
</Project>