<?xml version="1.0" encoding="utf-8"?>
<Project ToolsVersion="4.0" xmlns="http://schemas.microsoft.com/developer/msbuild/2003">
  <ItemGroup>
    <ClCompile Include="src\application.cpp" />
    <ClCompile Include="src\entry_point.cpp" />
    <ClCompile Include="src\window\window.cpp" />
    <ClCompile Include="src\timer.cpp" />
    <ClCompile Include="third_party\imgui\backends\imgui_impl_dx12.cpp" />
    <ClCompile Include="third_party\imgui\backends\imgui_impl_win32.cpp" />
    <ClCompile Include="third_party\imgui\imgui_tables.cpp" />
    <ClCompile Include="third_party\imgui\imgui_widgets.cpp" />
    <ClCompile Include="third_party\imgui\imgui_draw.cpp" />
    <ClCompile Include="third_party\imgui\imgui_demo.cpp" />
    <ClCompile Include="third_party\imgui\imgui.cpp" />
    <ClCompile Include="src\renderer\renderer.cpp" />
    <ClCompile Include="src\renderer\shader.cpp" />
    <ClCompile Include="src\renderer\vertex_buffer.cpp" />
    <ClCompile Include="src\renderer\resource.cpp" />
    <ClCompile Include="src\renderer\index_buffer.cpp" />
    <ClCompile Include="src\renderer\descriptor_heap.cpp" />
    <ClCompile Include="src\renderer\fence.cpp" />
    <ClCompile Include="src\renderer\renderer_object.cpp" />
    <ClCompile Include="src\renderer\pipeline_state.cpp" />
    <ClCompile Include="src\renderer\root_signature.cpp" />
    <ClCompile Include="src\renderer\constant_buffer.cpp" />
    <ClCompile Include="src\layer_stack.cpp" />
    <ClCompile Include="include\spieler\window\input.h" />
    <ClCompile Include="src\window\input.cpp" />
    <ClCompile Include="src\renderer\upload_buffer.cpp" />
  </ItemGroup>
  <ItemGroup>
    <ClInclude Include="include\spieler\application.h" />
    <ClInclude Include="include\spieler\common.h" />
    <ClInclude Include="include\spieler\window\window.h" />
    <ClInclude Include="include\spieler\timer.h" />
    <ClInclude Include="include\spieler\window\event.h" />
    <ClInclude Include="include\spieler\window\window_event.h" />
    <ClInclude Include="include\spieler\window\event_dispatcher.h" />
    <ClInclude Include="include\spieler\window\mouse_event.h" />
    <ClInclude Include="include\spieler\window\key_event.h" />
    <ClInclude Include="third_party\imgui\backends\imgui_impl_win32.h" />
    <ClInclude Include="include\spieler\renderer\bindable.h" />
    <ClInclude Include="include\spieler\renderer\renderer.h" />
    <ClInclude Include="include\spieler\renderer\renderer_object.h" />
    <ClInclude Include="include\spieler\renderer\vertex_buffer.h" />
    <ClInclude Include="include\spieler\renderer\index_buffer.h" />
    <ClInclude Include="include\spieler\renderer\constant_buffer.h" />
    <ClInclude Include="include\spieler\renderer\root_signature.h" />
    <ClInclude Include="include\spieler\renderer\shader.h" />
    <ClInclude Include="include\spieler\renderer\rasterizer_state.h" />
    <ClInclude Include="include\spieler\renderer\pipeline_state.h" />
    <ClInclude Include="include\spieler\renderer\descriptor_heap.h" />
    <ClInclude Include="include\spieler\renderer\input_layout.h" />
    <ClInclude Include="third_party\directx\d3dx12.h" />
    <ClInclude Include="include\spieler\renderer\resource.h" />
    <ClInclude Include="include\spieler\renderer\geometry_generator.h" />
    <ClInclude Include="include\spieler\renderer\mesh.h" />
    <ClInclude Include="include\spieler\renderer\fence.h" />
    <ClInclude Include="include\spieler\renderer\primitive_topology.h" />
    <ClInclude Include="include\spieler\layer.h" />
    <ClInclude Include="include\spieler\layer_stack.h" />
    <ClInclude Include="include\spieler\window\mouse_button.h" />
    <ClInclude Include="include\spieler\window\key_code.h" />
    <ClInclude Include="include\spieler\renderer\upload_buffer.h" />
  </ItemGroup>
  <ItemGroup>
    <None Include="include\spieler\renderer\vertex_buffer.inl" />
    <None Include="include\spieler\renderer\index_buffer.inl" />
    <None Include="include\spieler\renderer\resource.inl" />
    <None Include="include\spieler\renderer\geometry_generator.inl" />
    <None Include="include\spieler\renderer\constant_buffer.inl" />
  </ItemGroup>
</Project>