<?xml version="1.0" encoding="utf-8"?>
<Project ToolsVersion="4.0" xmlns="http://schemas.microsoft.com/developer/msbuild/2003">
  <ItemGroup>
    <ClCompile Include="src\application.cpp" />
    <ClCompile Include="src\entry_point.cpp" />
    <ClCompile Include="src\window\window.cpp" />
    <ClCompile Include="src\timer.cpp" />
    <ClCompile Include="src\renderer\renderer.cpp" />
    <ClCompile Include="src\renderer\shader.cpp" />
    <ClCompile Include="src\renderer\vertex_buffer.cpp" />
    <ClCompile Include="src\renderer\resource.cpp" />
    <ClCompile Include="src\renderer\index_buffer.cpp" />
    <ClCompile Include="src\renderer\descriptor_heap.cpp" />
    <ClCompile Include="src\renderer\fence.cpp" />
    <ClCompile Include="src\renderer\renderer_object.cpp" />
    <ClCompile Include="src\renderer\pipeline_state.cpp" />
    <ClCompile Include="src\renderer\root_signature.cpp" />
    <ClCompile Include="src\renderer\constant_buffer.cpp" />
    <ClCompile Include="src\layer_stack.cpp" />
    <ClCompile Include="src\renderer\upload_buffer.cpp" />
    <ClCompile Include="third_party\imgui\imgui_widgets.cpp" />
    <ClCompile Include="third_party\imgui\imgui_tables.cpp" />
    <ClCompile Include="third_party\imgui\imgui_draw.cpp" />
    <ClCompile Include="third_party\imgui\imgui_demo.cpp" />
    <ClCompile Include="third_party\imgui\imgui.cpp" />
    <ClCompile Include="third_party\imgui\backends\imgui_impl_dx12.cpp" />
    <ClCompile Include="third_party\imgui\backends\imgui_impl_win32.cpp" />
    <ClCompile Include="src\utility\random.cpp" />
    <ClCompile Include="src\window\input.cpp" />
    <ClCompile Include="src\renderer\texture.cpp" />
    <ClCompile Include="third_party\directx\DDSTextureLoader12.cpp" />
    <ClCompile Include="src\renderer\sampler.cpp" />
  </ItemGroup>
  <ItemGroup>
    <ClInclude Include="include\spieler\application.hpp" />
    <ClInclude Include="include\spieler\common.hpp" />
    <ClInclude Include="include\spieler\window\window.hpp" />
    <ClInclude Include="include\spieler\timer.hpp" />
    <ClInclude Include="include\spieler\window\event.hpp" />
    <ClInclude Include="include\spieler\window\window_event.hpp" />
    <ClInclude Include="include\spieler\window\event_dispatcher.hpp" />
    <ClInclude Include="include\spieler\window\mouse_event.hpp" />
    <ClInclude Include="include\spieler\window\key_event.hpp" />
    <ClInclude Include="include\spieler\renderer\bindable.hpp" />
    <ClInclude Include="include\spieler\renderer\renderer.hpp" />
    <ClInclude Include="include\spieler\renderer\renderer_object.hpp" />
    <ClInclude Include="include\spieler\renderer\vertex_buffer.hpp" />
    <ClInclude Include="include\spieler\renderer\index_buffer.hpp" />
    <ClInclude Include="include\spieler\renderer\constant_buffer.hpp" />
    <ClInclude Include="include\spieler\renderer\root_signature.hpp" />
    <ClInclude Include="include\spieler\renderer\shader.hpp" />
    <ClInclude Include="include\spieler\renderer\rasterizer_state.hpp" />
    <ClInclude Include="include\spieler\renderer\pipeline_state.hpp" />
    <ClInclude Include="include\spieler\renderer\descriptor_heap.hpp" />
    <ClInclude Include="include\spieler\renderer\input_layout.hpp" />
    <ClInclude Include="third_party\directx\d3dx12.h" />
    <ClInclude Include="include\spieler\renderer\resource.hpp" />
    <ClInclude Include="include\spieler\renderer\geometry_generator.hpp" />
    <ClInclude Include="include\spieler\renderer\mesh.hpp" />
    <ClInclude Include="include\spieler\renderer\fence.hpp" />
    <ClInclude Include="include\spieler\renderer\primitive_topology.hpp" />
    <ClInclude Include="include\spieler\layer.hpp" />
    <ClInclude Include="include\spieler\layer_stack.hpp" />
    <ClInclude Include="include\spieler\window\mouse_button.hpp" />
    <ClInclude Include="include\spieler\window\key_code.hpp" />
    <ClInclude Include="include\spieler\renderer\upload_buffer.hpp" />
    <ClInclude Include="include\spieler\renderer\light.hpp" />
    <ClInclude Include="third_party\imgui\backends\imgui_impl_dx12.h" />
    <ClInclude Include="third_party\imgui\backends\imgui_impl_win32.h" />
    <ClInclude Include="include\spieler\math.hpp" />
    <ClInclude Include="include\spieler\utility\random.hpp" />
    <ClInclude Include="include\spieler\window\input.hpp" />
    <ClInclude Include="include\spieler\renderer\texture.hpp" />
    <ClInclude Include="third_party\directx\DDSTextureLoader12.h" />
    <ClInclude Include="include\spieler\renderer\sampler.hpp" />
    <ClInclude Include="include\spieler\renderer\shader_visibility.hpp" />
  </ItemGroup>
  <ItemGroup>
    <None Include="include\spieler\renderer\vertex_buffer.inl" />
    <None Include="include\spieler\renderer\index_buffer.inl" />
    <None Include="include\spieler\renderer\resource.inl" />
    <None Include="include\spieler\renderer\geometry_generator.inl" />
  </ItemGroup>
</Project>